{
  "nodes": {
    "flake-utils": {
      "locked": {
        "lastModified": 1659877975,
        "narHash": "sha256-zllb8aq3YO3h8B/U0/J1WBgAL8EX5yWf5pMj3G0NAmc=",
        "owner": "numtide",
        "repo": "flake-utils",
        "rev": "c0e246b9b83f637f4681389ecabcb2681b4f3af0",
        "type": "github"
      },
      "original": {
        "owner": "numtide",
        "repo": "flake-utils",
        "type": "github"
      }
    },
    "flake-utils_2": {
      "locked": {
        "lastModified": 1659877975,
        "narHash": "sha256-zllb8aq3YO3h8B/U0/J1WBgAL8EX5yWf5pMj3G0NAmc=",
        "owner": "numtide",
        "repo": "flake-utils",
        "rev": "c0e246b9b83f637f4681389ecabcb2681b4f3af0",
        "type": "github"
      },
      "original": {
        "owner": "numtide",
        "repo": "flake-utils",
        "type": "github"
      }
    },
    "flake-utils_3": {
      "locked": {
        "lastModified": 1656928814,
        "narHash": "sha256-RIFfgBuKz6Hp89yRr7+NR5tzIAbn52h8vT6vXkYjZoM=",
        "owner": "numtide",
        "repo": "flake-utils",
        "rev": "7e2a3b3dfd9af950a856d66b0a7d01e3c18aa249",
        "type": "github"
      },
      "original": {
        "owner": "numtide",
        "repo": "flake-utils",
        "type": "github"
      }
    },
    "goki-cli": {
      "flake": false,
      "locked": {
        "lastModified": 1656706106,
        "narHash": "sha256-gxavNplCWTQF3pr8njtgN6FT1PGoHy6qxfJkRbMmUtE=",
        "owner": "GokiProtocol",
        "repo": "goki-cli",
        "rev": "d044040f583c2bb666375b67a25795540f4eefdd",
        "type": "github"
      },
      "original": {
        "owner": "GokiProtocol",
        "ref": "master",
        "repo": "goki-cli",
        "type": "github"
      }
    },
    "nixpkgs": {
      "locked": {
        "lastModified": 1664356419,
        "narHash": "sha256-PD0hM9YWp2lepAJk7edh8g1VtzJip5rals1fpoQUlY0=",
        "owner": "NixOS",
        "repo": "nixpkgs",
        "rev": "46e8398474ac3b1b7bb198bf9097fc213bbf59b1",
        "type": "github"
      },
      "original": {
        "owner": "NixOS",
        "ref": "nixpkgs-unstable",
        "repo": "nixpkgs",
        "type": "github"
      }
    },
    "nixpkgs_2": {
      "locked": {
        "lastModified": 1663264531,
        "narHash": "sha256-2ncO5chPXlTxaebDlhx7MhL0gOEIWxzSyfsl0r0hxQk=",
        "owner": "NixOS",
        "repo": "nixpkgs",
        "rev": "454887a35de6317a30be284e8adc2d2f6d8a07c4",
        "type": "github"
      },
      "original": {
        "owner": "NixOS",
        "ref": "nixpkgs-unstable",
        "repo": "nixpkgs",
        "type": "github"
      }
    },
    "root": {
      "inputs": {
        "flake-utils": "flake-utils",
        "nixpkgs": "nixpkgs",
        "saber-overlay": "saber-overlay"
      }
    },
    "rust-overlay": {
      "inputs": {
        "flake-utils": "flake-utils_3",
        "nixpkgs": [
          "saber-overlay",
          "nixpkgs"
        ]
      },
      "locked": {
        "lastModified": 1663297375,
        "narHash": "sha256-7pjd2x9fSXXynIzp9XiXjbYys7sR6MKCot/jfGL7dgE=",
        "owner": "oxalica",
        "repo": "rust-overlay",
        "rev": "0678b6187a153eb0baa9688335b002fe14ba6712",
        "type": "github"
      },
      "original": {
        "owner": "oxalica",
        "repo": "rust-overlay",
        "type": "github"
      }
    },
    "saber-overlay": {
      "inputs": {
        "flake-utils": "flake-utils_2",
        "goki-cli": "goki-cli",
        "nixpkgs": "nixpkgs_2",
        "rust-overlay": "rust-overlay"
      },
      "locked": {
        "lastModified": 1664388865,
        "narHash": "sha256-hOP0HHCdP4kqQiRdstUsbpAAQFNjQuxWJq9U3ZQBUcc=",
        "owner": "saber-hq",
        "repo": "saber-overlay",
        "rev": "638cb4ff75bd990ef371e6e2e66872afe08c804e",
        "type": "github"
      },
      "original": {
        "owner": "saber-hq",
        "repo": "saber-overlay",
        "type": "github"
      }
    }
  },
  "root": "root",
  "version": 7
}
